{
  "pins" : [
    {
      "identity" : "alertcontroller",
      "kind" : "remoteSourceControl",
      "location" : "https://github.com/Lakr233/AlertController",
      "state" : {
        "revision" : "32257175ef8eacafca83ae84f19423e83a434fa6",
        "version" : "2.1.0"
      }
    },
    {
      "identity" : "alignedcollectionviewflowlayout",
      "kind" : "remoteSourceControl",
      "location" : "https://github.com/mischa-hildebrand/AlignedCollectionViewFlowLayout",
      "state" : {
        "revision" : "236094ac389234d528cc782c140bcb20724b86bf",
        "version" : "1.1.3"
      }
    },
    {
      "identity" : "bettercodable",
      "kind" : "remoteSourceControl",
      "location" : "https://github.com/marksands/BetterCodable",
      "state" : {
        "revision" : "61153170668db7a46a20a87e35e70f80b24d4eb5",
        "version" : "0.4.0"
      }
    },
    {
      "identity" : "choreographer",
      "kind" : "remoteSourceControl",
      "location" : "https://github.com/unixzii/Choreographer",
      "state" : {
        "revision" : "fa8cf25b0a16c499b299d357c1a64db6760a83ef",
        "version" : "0.1.0"
      }
    },
    {
      "identity" : "colorfulx",
      "kind" : "remoteSourceControl",
      "location" : "https://github.com/Lakr233/ColorfulX",
      "state" : {
        "revision" : "bdf19698a9fdd3d2cd3ade4a9434d443b4313b36",
        "version" : "6.1.0"
      }
    },
    {
      "identity" : "colorvector",
      "kind" : "remoteSourceControl",
      "location" : "https://github.com/Lakr233/ColorVector.git",
      "state" : {
        "revision" : "0cd0169f1487d7371ee3fd7fe93f1e918fd93d00",
        "version" : "1.0.5"
      }
    },
    {
      "identity" : "configurablekit",
      "kind" : "remoteSourceControl",
      "location" : "https://github.com/Lakr233/ConfigurableKit",
      "state" : {
        "revision" : "371e7664066e180213a6e9c1baa727aa970729cb",
        "version" : "3.2.0"
      }
    },
    {
      "identity" : "digger",
      "kind" : "remoteSourceControl",
      "location" : "https://github.com/Lakr233/Digger",
      "state" : {
        "revision" : "265c84aa4a447564628d2788e63efc3ab7779d7e",
        "version" : "0.0.5"
      }
    },
    {
      "identity" : "dpkgversion",
      "kind" : "remoteSourceControl",
      "location" : "https://github.com/Lakr233/DpkgVersion",
      "state" : {
        "revision" : "64f192ac8c74f334e5b610c3da9aa9b456502ced",
        "version" : "1.0.4"
      }
    },
    {
      "identity" : "eventsource",
      "kind" : "remoteSourceControl",
      "location" : "https://github.com/mattt/eventsource.git",
      "state" : {
        "revision" : "a3a85a85214caf642abaa96ae664e4c772a59f6e",
        "version" : "1.4.1"
      }
    },
    {
      "identity" : "glyphixtextfx",
      "kind" : "remoteSourceControl",
      "location" : "https://github.com/ktiays/GlyphixTextFx/",
      "state" : {
        "revision" : "e1d0aa71c1849363a1bbef061d3d92f10481e62c",
        "version" : "2.3.6"
      }
    },
    {
      "identity" : "gptencoder",
      "kind" : "remoteSourceControl",
      "location" : "https://github.com/alfianlosari/GPTEncoder",
      "state" : {
        "revision" : "a86968867ab4380e36b904a14c42215f71efe8b4",
        "version" : "1.0.4"
      }
    },
    {
      "identity" : "highlightr",
      "kind" : "remoteSourceControl",
      "location" : "https://github.com/raspu/Highlightr",
      "state" : {
        "revision" : "05e7fcc63b33925cd0c1faaa205cdd5681e7bbef",
        "version" : "2.3.0"
      }
    },
    {
      "identity" : "listviewkit",
      "kind" : "remoteSourceControl",
      "location" : "https://github.com/Lakr233/ListViewKit",
      "state" : {
        "revision" : "07f7adfa0629f8647991e3c148b7d3e060fe2917",
        "version" : "1.2.0"
      }
    },
    {
      "identity" : "litext",
      "kind" : "remoteSourceControl",
      "location" : "https://github.com/Lakr233/Litext",
      "state" : {
        "revision" : "a2ed9b63ae623a20591effc72f9db7d04e41a64c",
        "version" : "1.2.1"
      }
    },
    {
      "identity" : "lrucache",
      "kind" : "remoteSourceControl",
      "location" : "https://github.com/nicklockwood/LRUCache",
      "state" : {
        "revision" : "cb5b2bd0da83ad29c0bec762d39f41c8ad0eaf3e",
        "version" : "1.2.1"
      }
    },
    {
      "identity" : "markdownview",
      "kind" : "remoteSourceControl",
      "location" : "https://github.com/Lakr233/MarkdownView",
      "state" : {
        "revision" : "37f97345a108e95f66b6671c317b43063c7f2de1",
        "version" : "3.8.2"
      }
    },
    {
      "identity" : "mlx-swift",
      "kind" : "remoteSourceControl",
      "location" : "https://github.com/ml-explore/mlx-swift",
      "state" : {
        "revision" : "6ba4827fb82c97d012eec9ab4b2de21f85c3b33d",
        "version" : "0.30.6"
      }
    },
    {
      "identity" : "msdisplaylink",
      "kind" : "remoteSourceControl",
      "location" : "https://github.com/Lakr233/MSDisplayLink",
      "state" : {
        "revision" : "1ba3e769b734e456317fa7e45321fa7f53eefb67",
        "version" : "2.1.0"
      }
    },
    {
      "identity" : "respring",
      "kind" : "remoteSourceControl",
      "location" : "https://github.com/ktiays/Respring",
      "state" : {
        "revision" : "5efa8274a25dc44e418b3695f9fcfea9ef771087",
        "version" : "1.0.0"
      }
    },
    {
      "identity" : "scrubberkit",
      "kind" : "remoteSourceControl",
      "location" : "https://github.com/Lakr233/ScrubberKit",
      "state" : {
        "revision" : "a2c801853e2772c76a17210a4d8fb4f6b55af5e1",
        "version" : "0.1.1"
      }
    },
    {
      "identity" : "snapkit",
      "kind" : "remoteSourceControl",
      "location" : "https://github.com/SnapKit/SnapKit.git",
      "state" : {
        "revision" : "2842e6e84e82eb9a8dac0100ca90d9444b0307f4",
        "version" : "5.7.1"
      }
    },
    {
      "identity" : "spindicator",
      "kind" : "remoteSourceControl",
      "location" : "https://github.com/ivanvorobei/SPIndicator",
      "state" : {
        "revision" : "e8a045f91757b32bb29c6feff1644ef79c8daedf",
        "version" : "1.6.5"
      }
    },
    {
      "identity" : "springinterpolation",
      "kind" : "remoteSourceControl",
      "location" : "https://github.com/Lakr233/SpringInterpolation",
      "state" : {
        "revision" : "cdb556516daa9b43c16aae9436dd39e19ff930fd",
        "version" : "1.4.0"
      }
    },
    {
      "identity" : "swift-asn1",
      "kind" : "remoteSourceControl",
      "location" : "https://github.com/apple/swift-asn1.git",
      "state" : {
        "revision" : "810496cf121e525d660cd0ea89a758740476b85f",
        "version" : "1.5.1"
      }
    },
    {
      "identity" : "swift-async-algorithms",
      "kind" : "remoteSourceControl",
      "location" : "https://github.com/apple/swift-async-algorithms.git",
      "state" : {
        "revision" : "9d349bcc328ac3c31ce40e746b5882742a0d1272",
        "version" : "1.1.3"
      }
    },
    {
      "identity" : "swift-atomics",
      "kind" : "remoteSourceControl",
      "location" : "https://github.com/apple/swift-atomics.git",
      "state" : {
        "revision" : "b601256eab081c0f92f059e12818ac1d4f178ff7",
        "version" : "1.3.0"
      }
    },
    {
      "identity" : "swift-cmark",
      "kind" : "remoteSourceControl",
      "location" : "https://github.com/swiftlang/swift-cmark",
      "state" : {
        "revision" : "5d9bdaa4228b381639fff09403e39a04926e2dbe",
        "version" : "0.7.1"
      }
    },
    {
      "identity" : "swift-collections",
      "kind" : "remoteSourceControl",
      "location" : "https://github.com/apple/swift-collections",
      "state" : {
        "revision" : "8d9834a6189db730f6264db7556a7ffb751e99ee",
        "version" : "1.4.0"
      }
    },
    {
      "identity" : "swift-crypto",
      "kind" : "remoteSourceControl",
      "location" : "https://github.com/apple/swift-crypto.git",
      "state" : {
        "revision" : "fa308c07a6fa04a727212d793e761460e41049c3",
        "version" : "4.3.0"
      }
    },
    {
      "identity" : "swift-huggingface",
      "kind" : "remoteSourceControl",
      "location" : "https://github.com/huggingface/swift-huggingface.git",
      "state" : {
        "revision" : "b721959445b617d0bf03910b2b4aced345fd93bf",
        "version" : "0.9.0"
      }
    },
    {
      "identity" : "swift-jinja",
      "kind" : "remoteSourceControl",
      "location" : "https://github.com/huggingface/swift-jinja.git",
      "state" : {
        "revision" : "f731f03bf746481d4fda07f817c3774390c4d5b9",
        "version" : "2.3.2"
      }
    },
    {
      "identity" : "swift-log",
      "kind" : "remoteSourceControl",
      "location" : "https://github.com/apple/swift-log.git",
      "state" : {
        "revision" : "bbd81b6725ae874c69e9b8c8804d462356b55523",
        "version" : "1.10.1"
      }
    },
    {
      "identity" : "swift-nio",
      "kind" : "remoteSourceControl",
      "location" : "https://github.com/apple/swift-nio.git",
      "state" : {
        "revision" : "b31565862a8f39866af50bc6676160d8dda7de35",
        "version" : "2.96.0"
      }
    },
    {
      "identity" : "swift-numerics",
      "kind" : "remoteSourceControl",
      "location" : "https://github.com/apple/swift-numerics",
      "state" : {
        "revision" : "0c0290ff6b24942dadb83a929ffaaa1481df04a2",
        "version" : "1.1.1"
      }
    },
    {
      "identity" : "swift-sdk",
      "kind" : "remoteSourceControl",
      "location" : "https://github.com/modelcontextprotocol/swift-sdk",
      "state" : {
        "revision" : "6112a3995a992d159ad0e82c2d62a008ce932666",
        "version" : "0.11.0"
      }
    },
    {
      "identity" : "swift-system",
      "kind" : "remoteSourceControl",
      "location" : "https://github.com/apple/swift-system.git",
      "state" : {
        "revision" : "7c6ad0fc39d0763e0b699210e4124afd5041c5df",
        "version" : "1.6.4"
      }
    },
    {
      "identity" : "swift-transformers",
      "kind" : "remoteSourceControl",
      "location" : "https://github.com/huggingface/swift-transformers",
      "state" : {
        "revision" : "eed7264ac5e4ec5dfa6165c6e5c5577364344fe4",
        "version" : "1.2.0"
      }
    },
    {
      "identity" : "swifterswift",
      "kind" : "remoteSourceControl",
      "location" : "https://github.com/SwifterSwift/SwifterSwift.git",
      "state" : {
        "revision" : "5d948a15446bddb6c367bc7e7100cfcbaa0e9b57",
        "version" : "8.0.0"
      }
    },
    {
      "identity" : "swiftmath",
      "kind" : "remoteSourceControl",
      "location" : "https://github.com/mgriebling/SwiftMath",
      "state" : {
        "revision" : "fa8244ed032f4a1ade4cb0571bf87d2f1a9fd2d7",
        "version" : "1.7.3"
      }
    },
    {
      "identity" : "swiftsoup",
      "kind" : "remoteSourceControl",
      "location" : "https://github.com/scinfu/SwiftSoup",
      "state" : {
        "revision" : "dba183c96b2da4e4b80bb31b1e2e59cb9542b8fc",
        "version" : "2.13.1"
      }
    },
    {
      "identity" : "uieffectkit",
      "kind" : "remoteSourceControl",
      "location" : "https://github.com/Lakr233/UIEffectKit",
      "state" : {
        "revision" : "4cd6d822a75af123a73787c09e604352b5790aec",
        "version" : "0.1.1"
      }
    },
    {
      "identity" : "wcdb-spm-prebuilt",
      "kind" : "remoteSourceControl",
      "location" : "https://github.com/Lakr233/wcdb-spm-prebuilt",
      "state" : {
        "revision" : "9077e295997fd8cc1e0c0f669a40b2314af20a1a",
        "version" : "2.1.15"
      }
    },
    {
      "identity" : "with",
      "kind" : "remoteSourceControl",
      "location" : "https://github.com/ktiays/With",
      "state" : {
        "revision" : "a45e2f39e82322eb663a256941c06edd520a82e1",
        "version" : "2.1.1"
      }
    },
    {
      "identity" : "xmlcoder",
      "kind" : "remoteSourceControl",
      "location" : "https://github.com/CoreOffice/XMLCoder",
      "state" : {
        "revision" : "5e1ada828d2618ecb79c974e03f79c8f4df90b71",
        "version" : "0.18.0"
      }
    },
    {
      "identity" : "yyjson",
      "kind" : "remoteSourceControl",
      "location" : "https://github.com/ibireme/yyjson.git",
      "state" : {
        "revision" : "8b4a38dc994a110abaec8a400615567bd996105f",
        "version" : "0.12.0"
      }
    },
    {
      "identity" : "zipfoundation",
      "kind" : "remoteSourceControl",
      "location" : "https://github.com/weichsel/ZIPFoundation",
      "state" : {
        "revision" : "22787ffb59de99e5dc1fbfe80b19c97a904ad48d",
        "version" : "0.9.20"
      }
    }
  ],
  "version" : 2
}
